
Microsoft Visual Studio Solution File, Format Version 12.00
# Visual Studio Version 17
VisualStudioVersion = 17.0.32112.339
MinimumVisualStudioVersion = 10.0.40219.1
Project("{FAE04EC0-301F-11D3-BF4B-00C04F79EFBC}") = "LogicalPrograms", "LogicalPrograms.csproj", "{48F95949-B9BB-43CE-8465-8C6A1D1A4D7E}"
EndProject
Global
	GlobalSection(SolutionConfigurationPlatforms) = preSolution
		Debug|Any CPU = Debug|Any CPU
		Release|Any CPU = Release|Any CPU
	EndGlobalSection
	GlobalSection(ProjectConfigurationPlatforms) = postSolution
		{48F95949-B9BB-43CE-8465-8C6A1D1A4D7E}.Debug|Any CPU.ActiveCfg = Debug|Any CPU
		{48F95949-B9BB-43CE-8465-8C6A1D1A4D7E}.Debug|Any CPU.Build.0 = Debug|Any CPU
		{48F95949-B9BB-43CE-8465-8C6A1D1A4D7E}.Release|Any CPU.ActiveCfg = Release|Any CPU
		{48F95949-B9BB-43CE-8465-8C6A1D1A4D7E}.Release|Any CPU.Build.0 = Release|Any CPU
	EndGlobalSection
	GlobalSection(SolutionProperties) = preSolution
		HideSolutionNode = FALSE
	EndGlobalSection
	GlobalSection(ExtensibilityGlobals) = postSolution
		SolutionGuid = {8D778865-1E6B-4A2A-831F-61C85351977C}
	EndGlobalSection
EndGlobal
